
Microsoft Visual Studio Solution File, Format Version 12.00
# Visual Studio Version 16
VisualStudioVersion = 16.0.31613.86
MinimumVisualStudioVersion = 10.0.40219.1
Project("{FAE04EC0-301F-11D3-BF4B-00C04F79EFBC}") = "Quiz_FelixAsela", "Quiz_FelixAsela.csproj", "{120EB736-41C4-4DED-AA47-F4D2F582F6EE}"
EndProject
Global
	GlobalSection(SolutionConfigurationPlatforms) = preSolution
		Debug|Any CPU = Debug|Any CPU
		Release|Any CPU = Release|Any CPU
	EndGlobalSection
	GlobalSection(ProjectConfigurationPlatforms) = postSolution
		{120EB736-41C4-4DED-AA47-F4D2F582F6EE}.Debug|Any CPU.ActiveCfg = Debug|Any CPU
		{120EB736-41C4-4DED-AA47-F4D2F582F6EE}.Debug|Any CPU.Build.0 = Debug|Any CPU
		{120EB736-41C4-4DED-AA47-F4D2F582F6EE}.Release|Any CPU.ActiveCfg = Release|Any CPU
		{120EB736-41C4-4DED-AA47-F4D2F582F6EE}.Release|Any CPU.Build.0 = Release|Any CPU
	EndGlobalSection
	GlobalSection(SolutionProperties) = preSolution
		HideSolutionNode = FALSE
	EndGlobalSection
	GlobalSection(ExtensibilityGlobals) = postSolution
		SolutionGuid = {4BF42776-C59A-4ED9-B54A-0D354836721C}
	EndGlobalSection
EndGlobal
